// !$*UTF8*$!
{
	archiveVersion = 1;
	classes = {
	};
	objectVersion = 77;
	objects = {

/* Begin PBXBuildFile section */
		FCA2B49B2FBC1ADE00BD8A5D /* RealityKitContent in Frameworks */ = {isa = PBXBuildFile; productRef = FCA2B49A2FBC1ADE00BD8A5D /* RealityKitContent */; };
		FCA2B4B12FBC1C0800BD8A5D /* AudioAnalysis in Frameworks */ = {isa = PBXBuildFile; productRef = FCA2B4B02FBC1C0800BD8A5D /* AudioAnalysis */; };
/* End PBXBuildFile section */

/* Begin PBXFileReference section */
		FCA2B4952FBC1ADE00BD8A5D /* High Videlity.app */ = {isa = PBXFileReference; explicitFileType = wrapper.application; includeInIndex = 0; path = "High Videlity.app"; sourceTree = BUILT_PRODUCTS_DIR; };
		FCA2B4992FBC1ADE00BD8A5D /* RealityKitContent */ = {isa = PBXFileReference; lastKnownFileType = wrapper; path = RealityKitContent; sourceTree = "<group>"; };
/* End PBXFileReference section */

/* Begin PBXFileSystemSynchronizedBuildFileExceptionSet section */
		FCA2B4A52FBC1AE100BD8A5D /* Exceptions for "High Videlity" folder in "High Videlity" target */ = {
			isa = PBXFileSystemSynchronizedBuildFileExceptionSet;
			membershipExceptions = (
				Info.plist,
			);
			target = FCA2B4942FBC1ADE00BD8A5D /* High Videlity */;
		};
/* End PBXFileSystemSynchronizedBuildFileExceptionSet section */

/* Begin PBXFileSystemSynchronizedRootGroup section */
		FCA2B4972FBC1ADE00BD8A5D /* High Videlity */ = {
			isa = PBXFileSystemSynchronizedRootGroup;
			exceptions = (
				FCA2B4A52FBC1AE100BD8A5D /* Exceptions for "High Videlity" folder in "High Videlity" target */,
			);
			path = "High Videlity";
			sourceTree = "<group>";
		};
/* End PBXFileSystemSynchronizedRootGroup section */

/* Begin PBXFrameworksBuildPhase section */
		FCA2B4922FBC1ADE00BD8A5D /* Frameworks */ = {
			isa = PBXFrameworksBuildPhase;
			buildActionMask = 2147483647;
			files = (
				FCA2B49B2FBC1ADE00BD8A5D /* RealityKitContent in Frameworks */,
				FCA2B4B12FBC1C0800BD8A5D /* AudioAnalysis in Frameworks */,
			);
			runOnlyForDeploymentPostprocessing = 0;
		};
/* End PBXFrameworksBuildPhase section */

/* Begin PBXGroup section */
		FCA2B48C2FBC1ADE00BD8A5D = {
			isa = PBXGroup;
			children = (
				FCA2B4972FBC1ADE00BD8A5D /* High Videlity */,
				FCA2B4982FBC1ADE00BD8A5D /* Packages */,
				FCA2B4962FBC1ADE00BD8A5D /* Products */,
			);
			sourceTree = "<group>";
		};
		FCA2B4962FBC1ADE00BD8A5D /* Products */ = {
			isa = PBXGroup;
			children = (
				FCA2B4952FBC1ADE00BD8A5D /* High Videlity.app */,
			);
			name = Products;
			sourceTree = "<group>";
		};
		FCA2B4982FBC1ADE00BD8A5D /* Packages */ = {
			isa = PBXGroup;
			children = (
				FCA2B4992FBC1ADE00BD8A5D /* RealityKitContent */,
			);
			path = Packages;
			sourceTree = "<group>";
		};
/* End PBXGroup section */

/* Begin PBXNativeTarget section */
		FCA2B4942FBC1ADE00BD8A5D /* High Videlity */ = {
			isa = PBXNativeTarget;
			buildConfigurationList = FCA2B4A62FBC1AE100BD8A5D /* Build configuration list for PBXNativeTarget "High Videlity" */;
			buildPhases = (
				FCA2B4912FBC1ADE00BD8A5D /* Sources */,
				FCA2B4922FBC1ADE00BD8A5D /* Frameworks */,
				FCA2B4932FBC1ADE00BD8A5D /* Resources */,
			);
			buildRules = (
			);
			dependencies = (
			);
			fileSystemSynchronizedGroups = (
				FCA2B4972FBC1ADE00BD8A5D /* High Videlity */,
			);
			name = "High Videlity";
			packageProductDependencies = (
				FCA2B49A2FBC1ADE00BD8A5D /* RealityKitContent */,
				FCA2B4B02FBC1C0800BD8A5D /* AudioAnalysis */,
			);
			productName = "High Videlity";
			productReference = FCA2B4952FBC1ADE00BD8A5D /* High Videlity.app */;
			productType = "com.apple.product-type.application";
		};
/* End PBXNativeTarget section */

/* Begin PBXProject section */
		FCA2B48D2FBC1ADE00BD8A5D /* Project object */ = {
			isa = PBXProject;
			attributes = {
				BuildIndependentTargetsInParallel = 1;
				LastSwiftUpdateCheck = 2650;
				LastUpgradeCheck = 2650;
				TargetAttributes = {
					FCA2B4942FBC1ADE00BD8A5D = {
						CreatedOnToolsVersion = 26.5;
					};
				};
			};
			buildConfigurationList = FCA2B4902FBC1ADE00BD8A5D /* Build configuration list for PBXProject "High Videlity" */;
			developmentRegion = en;
			hasScannedForEncodings = 0;
			knownRegions = (
				en,
				Base,
			);
			mainGroup = FCA2B48C2FBC1ADE00BD8A5D;
			minimizedProjectReferenceProxies = 1;
			packageReferences = (
				FCA2B4AF2FBC1C0800BD8A5D /* XCLocalSwiftPackageReference "../AudioAnalysis" */,
			);
			preferredProjectObjectVersion = 77;
			productRefGroup = FCA2B4962FBC1ADE00BD8A5D /* Products */;
			projectDirPath = "";
			projectRoot = "";
			targets = (
				FCA2B4942FBC1ADE00BD8A5D /* High Videlity */,
			);
		};
/* End PBXProject section */

/* Begin PBXResourcesBuildPhase section */
		FCA2B4932FBC1ADE00BD8A5D /* Resources */ = {
			isa = PBXResourcesBuildPhase;
			buildActionMask = 2147483647;
			files = (
			);
			runOnlyForDeploymentPostprocessing = 0;
		};
/* End PBXResourcesBuildPhase section */

/* Begin PBXSourcesBuildPhase section */
		FCA2B4912FBC1ADE00BD8A5D /* Sources */ = {
			isa = PBXSourcesBuildPhase;
			buildActionMask = 2147483647;
			files = (
			);
			runOnlyForDeploymentPostprocessing = 0;
		};
/* End PBXSourcesBuildPhase section */

/* Begin XCBuildConfiguration section */
		FCA2B4A72FBC1AE100BD8A5D /* Debug */ = {
			isa = XCBuildConfiguration;
			buildSettings = {
				ASSETCATALOG_COMPILER_APPICON_NAME = "";
				ASSETCATALOG_COMPILER_GLOBAL_ACCENT_COLOR_NAME = AccentColor;
				CODE_SIGN_STYLE = Automatic;
				CURRENT_PROJECT_VERSION = 1;
				DEVELOPMENT_TEAM = ELBRWG6BLB;
				ENABLE_APP_SANDBOX = NO;
				ENABLE_PREVIEWS = YES;
				GENERATE_INFOPLIST_FILE = YES;
				INFOPLIST_FILE = "$(TARGET_NAME)/Info.plist";
				INFOPLIST_KEY_NSAppleEventsUsageDescription = "High Videlity sends play/pause/next/previous commands to the Music app so you can control playback from the visualizer's now-playing badge while system audio is being tapped from Music.";
				INFOPLIST_KEY_NSAppleMusicUsageDescription = "High Videlity plays songs from your Apple Music subscription so the visualizer can react to what you're hearing, with frame-accurate sync to the playback clock.";
				INFOPLIST_KEY_NSAudioCaptureUsageDescription = "High Videlity captures audio from whatever app you're playing music in (Apple Music, Spotify, browser, etc.) so the visualizer can react to it frame-accurately, with no third-party loopback driver required.";
				INFOPLIST_KEY_NSMicrophoneUsageDescription = "High Videlity listens to the music playing around you so the visualizer can react in real time to what you're hearing.";
				IPHONEOS_DEPLOYMENT_TARGET = 26.0;
				LD_RUNPATH_SEARCH_PATHS = (
					"$(inherited)",
					"@executable_path/Frameworks",
				);
				MACOSX_DEPLOYMENT_TARGET = 26.0;
				MARKETING_VERSION = 1.0;
				PRODUCT_BUNDLE_IDENTIFIER = "jessegriffith.High-Videlity";
				PRODUCT_NAME = "$(TARGET_NAME)";
				STRING_CATALOG_GENERATE_SYMBOLS = YES;
				SUPPORTED_PLATFORMS = "appletvos appletvsimulator iphoneos iphonesimulator macosx xros xrsimulator";
				SUPPORTS_MACCATALYST = NO;
				SUPPORTS_MAC_DESIGNED_FOR_IPHONE_IPAD = NO;
				SWIFT_APPROACHABLE_CONCURRENCY = YES;
				SWIFT_DEFAULT_ACTOR_ISOLATION = MainActor;
				SWIFT_EMIT_LOC_STRINGS = YES;
				SWIFT_UPCOMING_FEATURE_MEMBER_IMPORT_VISIBILITY = YES;
				SWIFT_VERSION = 5.0;
				TARGETED_DEVICE_FAMILY = "1,2,3,7";
				TVOS_DEPLOYMENT_TARGET = 26.0;
				XROS_DEPLOYMENT_TARGET = 26.5;
			};
			name = Debug;
		};
		FCA2B4A82FBC1AE100BD8A5D /* Release */ = {
			isa = XCBuildConfiguration;
			buildSettings = {
				ASSETCATALOG_COMPILER_APPICON_NAME = "";
				ASSETCATALOG_COMPILER_GLOBAL_ACCENT_COLOR_NAME = AccentColor;
				CODE_SIGN_STYLE = Automatic;
				CURRENT_PROJECT_VERSION = 1;
				DEVELOPMENT_TEAM = ELBRWG6BLB;
				ENABLE_APP_SANDBOX = NO;
				ENABLE_PREVIEWS = YES;
				GENERATE_INFOPLIST_FILE = YES;
				INFOPLIST_FILE = "$(TARGET_NAME)/Info.plist";
				INFOPLIST_KEY_NSAppleEventsUsageDescription = "High Videlity sends play/pause/next/previous commands to the Music app so you can control playback from the visualizer's now-playing badge while system audio is being tapped from Music.";
				INFOPLIST_KEY_NSAppleMusicUsageDescription = "High Videlity plays songs from your Apple Music subscription so the visualizer can react to what you're hearing, with frame-accurate sync to the playback clock.";
				INFOPLIST_KEY_NSAudioCaptureUsageDescription = "High Videlity captures audio from whatever app you're playing music in (Apple Music, Spotify, browser, etc.) so the visualizer can react to it frame-accurately, with no third-party loopback driver required.";
				INFOPLIST_KEY_NSMicrophoneUsageDescription = "High Videlity listens to the music playing around you so the visualizer can react in real time to what you're hearing.";
				IPHONEOS_DEPLOYMENT_TARGET = 26.0;
				LD_RUNPATH_SEARCH_PATHS = (
					"$(inherited)",
					"@executable_path/Frameworks",
				);
				MACOSX_DEPLOYMENT_TARGET = 26.0;
				MARKETING_VERSION = 1.0;
				PRODUCT_BUNDLE_IDENTIFIER = "jessegriffith.High-Videlity";
				PRODUCT_NAME = "$(TARGET_NAME)";
				STRING_CATALOG_GENERATE_SYMBOLS = YES;
				SUPPORTED_PLATFORMS = "appletvos appletvsimulator iphoneos iphonesimulator macosx xros xrsimulator";
				SUPPORTS_MACCATALYST = NO;
				SUPPORTS_MAC_DESIGNED_FOR_IPHONE_IPAD = NO;
				SWIFT_APPROACHABLE_CONCURRENCY = YES;
				SWIFT_DEFAULT_ACTOR_ISOLATION = MainActor;
				SWIFT_EMIT_LOC_STRINGS = YES;
				SWIFT_UPCOMING_FEATURE_MEMBER_IMPORT_VISIBILITY = YES;
				SWIFT_VERSION = 5.0;
				TARGETED_DEVICE_FAMILY = "1,2,3,7";
				TVOS_DEPLOYMENT_TARGET = 26.0;
				XROS_DEPLOYMENT_TARGET = 26.5;
			};
			name = Release;
		};
		FCA2B4A92FBC1AE100BD8A5D /* Debug */ = {
			isa = XCBuildConfiguration;
			buildSettings = {
				ALWAYS_SEARCH_USER_PATHS = NO;
				ASSETCATALOG_COMPILER_GENERATE_SWIFT_ASSET_SYMBOL_EXTENSIONS = YES;
				CLANG_ANALYZER_NONNULL = YES;
				CLANG_ANALYZER_NUMBER_OBJECT_CONVERSION = YES_AGGRESSIVE;
				CLANG_CXX_LANGUAGE_STANDARD = "gnu++20";
				CLANG_ENABLE_MODULES = YES;
				CLANG_ENABLE_OBJC_ARC = YES;
				CLANG_ENABLE_OBJC_WEAK = YES;
				CLANG_WARN_BLOCK_CAPTURE_AUTORELEASING = YES;
				CLANG_WARN_BOOL_CONVERSION = YES;
				CLANG_WARN_COMMA = YES;
				CLANG_WARN_CONSTANT_CONVERSION = YES;
				CLANG_WARN_DEPRECATED_OBJC_IMPLEMENTATIONS = YES;
				CLANG_WARN_DIRECT_OBJC_ISA_USAGE = YES_ERROR;
				CLANG_WARN_DOCUMENTATION_COMMENTS = YES;
				CLANG_WARN_EMPTY_BODY = YES;
				CLANG_WARN_ENUM_CONVERSION = YES;
				CLANG_WARN_INFINITE_RECURSION = YES;
				CLANG_WARN_INT_CONVERSION = YES;
				CLANG_WARN_NON_LITERAL_NULL_CONVERSION = YES;
				CLANG_WARN_OBJC_IMPLICIT_RETAIN_SELF = YES;
				CLANG_WARN_OBJC_LITERAL_CONVERSION = YES;
				CLANG_WARN_OBJC_ROOT_CLASS = YES_ERROR;
				CLANG_WARN_QUOTED_INCLUDE_IN_FRAMEWORK_HEADER = YES;
				CLANG_WARN_RANGE_LOOP_ANALYSIS = YES;
				CLANG_WARN_STRICT_PROTOTYPES = YES;
				CLANG_WARN_SUSPICIOUS_MOVE = YES;
				CLANG_WARN_UNGUARDED_AVAILABILITY = YES_AGGRESSIVE;
				CLANG_WARN_UNREACHABLE_CODE = YES;
				CLANG_WARN__DUPLICATE_METHOD_MATCH = YES;
				COPY_PHASE_STRIP = NO;
				DEBUG_INFORMATION_FORMAT = dwarf;
				DEVELOPMENT_TEAM = ELBRWG6BLB;
				ENABLE_STRICT_OBJC_MSGSEND = YES;
				ENABLE_TESTABILITY = YES;
				ENABLE_USER_SCRIPT_SANDBOXING = YES;
				GCC_C_LANGUAGE_STANDARD = gnu17;
				GCC_DYNAMIC_NO_PIC = NO;
				GCC_NO_COMMON_BLOCKS = YES;
				GCC_OPTIMIZATION_LEVEL = 0;
				GCC_PREPROCESSOR_DEFINITIONS = (
					"DEBUG=1",
					"$(inherited)",
				);
				GCC_WARN_64_TO_32_BIT_CONVERSION = YES;
				GCC_WARN_ABOUT_RETURN_TYPE = YES_ERROR;
				GCC_WARN_UNDECLARED_SELECTOR = YES;
				GCC_WARN_UNINITIALIZED_AUTOS = YES_AGGRESSIVE;
				GCC_WARN_UNUSED_FUNCTION = YES;
				GCC_WARN_UNUSED_VARIABLE = YES;
				LOCALIZATION_PREFERS_STRING_CATALOGS = YES;
				MTL_ENABLE_DEBUG_INFO = INCLUDE_SOURCE;
				MTL_FAST_MATH = YES;
				ONLY_ACTIVE_ARCH = YES;
				SDKROOT = auto;
				SUPPORTED_PLATFORMS = "appletvos appletvsimulator iphoneos iphonesimulator macosx xros xrsimulator";
				SWIFT_ACTIVE_COMPILATION_CONDITIONS = "DEBUG $(inherited)";
				SWIFT_OPTIMIZATION_LEVEL = "-Onone";
				XROS_DEPLOYMENT_TARGET = 26.5;
			};
			name = Debug;
		};
		FCA2B4AA2FBC1AE100BD8A5D /* Release */ = {
			isa = XCBuildConfiguration;
			buildSettings = {
				ALWAYS_SEARCH_USER_PATHS = NO;
				ASSETCATALOG_COMPILER_GENERATE_SWIFT_ASSET_SYMBOL_EXTENSIONS = YES;
				CLANG_ANALYZER_NONNULL = YES;
				CLANG_ANALYZER_NUMBER_OBJECT_CONVERSION = YES_AGGRESSIVE;
				CLANG_CXX_LANGUAGE_STANDARD = "gnu++20";
				CLANG_ENABLE_MODULES = YES;
				CLANG_ENABLE_OBJC_ARC = YES;
				CLANG_ENABLE_OBJC_WEAK = YES;
				CLANG_WARN_BLOCK_CAPTURE_AUTORELEASING = YES;
				CLANG_WARN_BOOL_CONVERSION = YES;
				CLANG_WARN_COMMA = YES;
				CLANG_WARN_CONSTANT_CONVERSION = YES;
				CLANG_WARN_DEPRECATED_OBJC_IMPLEMENTATIONS = YES;
				CLANG_WARN_DIRECT_OBJC_ISA_USAGE = YES_ERROR;
				CLANG_WARN_DOCUMENTATION_COMMENTS = YES;
				CLANG_WARN_EMPTY_BODY = YES;
				CLANG_WARN_ENUM_CONVERSION = YES;
				CLANG_WARN_INFINITE_RECURSION = YES;
				CLANG_WARN_INT_CONVERSION = YES;
				CLANG_WARN_NON_LITERAL_NULL_CONVERSION = YES;
				CLANG_WARN_OBJC_IMPLICIT_RETAIN_SELF = YES;
				CLANG_WARN_OBJC_LITERAL_CONVERSION = YES;
				CLANG_WARN_OBJC_ROOT_CLASS = YES_ERROR;
				CLANG_WARN_QUOTED_INCLUDE_IN_FRAMEWORK_HEADER = YES;
				CLANG_WARN_RANGE_LOOP_ANALYSIS = YES;
				CLANG_WARN_STRICT_PROTOTYPES = YES;
				CLANG_WARN_SUSPICIOUS_MOVE = YES;
				CLANG_WARN_UNGUARDED_AVAILABILITY = YES_AGGRESSIVE;
				CLANG_WARN_UNREACHABLE_CODE = YES;
				CLANG_WARN__DUPLICATE_METHOD_MATCH = YES;
				COPY_PHASE_STRIP = NO;
				DEBUG_INFORMATION_FORMAT = "dwarf-with-dsym";
				DEVELOPMENT_TEAM = ELBRWG6BLB;
				ENABLE_NS_ASSERTIONS = NO;
				ENABLE_STRICT_OBJC_MSGSEND = YES;
				ENABLE_USER_SCRIPT_SANDBOXING = YES;
				GCC_C_LANGUAGE_STANDARD = gnu17;
				GCC_NO_COMMON_BLOCKS = YES;
				GCC_WARN_64_TO_32_BIT_CONVERSION = YES;
				GCC_WARN_ABOUT_RETURN_TYPE = YES_ERROR;
				GCC_WARN_UNDECLARED_SELECTOR = YES;
				GCC_WARN_UNINITIALIZED_AUTOS = YES_AGGRESSIVE;
				GCC_WARN_UNUSED_FUNCTION = YES;
				GCC_WARN_UNUSED_VARIABLE = YES;
				LOCALIZATION_PREFERS_STRING_CATALOGS = YES;
				MTL_ENABLE_DEBUG_INFO = NO;
				MTL_FAST_MATH = YES;
				SDKROOT = auto;
				SUPPORTED_PLATFORMS = "appletvos appletvsimulator iphoneos iphonesimulator macosx xros xrsimulator";
				SWIFT_COMPILATION_MODE = wholemodule;
				VALIDATE_PRODUCT = YES;
				XROS_DEPLOYMENT_TARGET = 26.5;
			};
			name = Release;
		};
/* End XCBuildConfiguration section */

/* Begin XCConfigurationList section */
		FCA2B4902FBC1ADE00BD8A5D /* Build configuration list for PBXProject "High Videlity" */ = {
			isa = XCConfigurationList;
			buildConfigurations = (
				FCA2B4A92FBC1AE100BD8A5D /* Debug */,
				FCA2B4AA2FBC1AE100BD8A5D /* Release */,
			);
			defaultConfigurationIsVisible = 0;
			defaultConfigurationName = Release;
		};
		FCA2B4A62FBC1AE100BD8A5D /* Build configuration list for PBXNativeTarget "High Videlity" */ = {
			isa = XCConfigurationList;
			buildConfigurations = (
				FCA2B4A72FBC1AE100BD8A5D /* Debug */,
				FCA2B4A82FBC1AE100BD8A5D /* Release */,
			);
			defaultConfigurationIsVisible = 0;
			defaultConfigurationName = Release;
		};
/* End XCConfigurationList section */

/* Begin XCLocalSwiftPackageReference section */
		FCA2B4AF2FBC1C0800BD8A5D /* XCLocalSwiftPackageReference "../AudioAnalysis" */ = {
			isa = XCLocalSwiftPackageReference;
			relativePath = ../AudioAnalysis;
		};
/* End XCLocalSwiftPackageReference section */

/* Begin XCSwiftPackageProductDependency section */
		FCA2B49A2FBC1ADE00BD8A5D /* RealityKitContent */ = {
			isa = XCSwiftPackageProductDependency;
			productName = RealityKitContent;
		};
		FCA2B4B02FBC1C0800BD8A5D /* AudioAnalysis */ = {
			isa = XCSwiftPackageProductDependency;
			productName = AudioAnalysis;
		};
/* End XCSwiftPackageProductDependency section */
	};
	rootObject = FCA2B48D2FBC1ADE00BD8A5D /* Project object */;
}
